
Microsoft Visual Studio Solution File, Format Version 12.00
# Visual Studio 2013
VisualStudioVersion = 12.0.30723.0
MinimumVisualStudioVersion = 10.0.40219.1
Project("{FAE04EC0-301F-11D3-BF4B-00C04F79EFBC}") = "WebApplication1", "WebApplication1\WebApplication1.csproj", "{F416AEBD-5B6C-4543-9ABF-EC30FF2F901A}"
EndProject
Project("{FAE04EC0-301F-11D3-BF4B-00C04F79EFBC}") = "DAL", "DAL\DAL.csproj", "{18A247B3-98E7-4858-98D4-687FC619234F}"
EndProject
Project("{FAE04EC0-301F-11D3-BF4B-00C04F79EFBC}") = "BLL", "BLL\BLL.csproj", "{A3F53515-7262-4441-AC61-66D92187BFF5}"
EndProject
Project("{FAE04EC0-301F-11D3-BF4B-00C04F79EFBC}") = "Model", "Model\Model.csproj", "{76AAEB17-9448-4397-83AA-D64A2D464969}"
EndProject
Project("{FAE04EC0-301F-11D3-BF4B-00C04F79EFBC}") = "UnitTestProject1", "UnitTestProject1\UnitTestProject1.csproj", "{C493E0BF-E17E-4059-B88D-15141A2FB23D}"
EndProject
Global
	GlobalSection(SolutionConfigurationPlatforms) = preSolution
		Debug|Any CPU = Debug|Any CPU
		Release|Any CPU = Release|Any CPU
	EndGlobalSection
	GlobalSection(ProjectConfigurationPlatforms) = postSolution
		{F416AEBD-5B6C-4543-9ABF-EC30FF2F901A}.Debug|Any CPU.ActiveCfg = Debug|Any CPU
		{F416AEBD-5B6C-4543-9ABF-EC30FF2F901A}.Debug|Any CPU.Build.0 = Debug|Any CPU
		{F416AEBD-5B6C-4543-9ABF-EC30FF2F901A}.Release|Any CPU.ActiveCfg = Release|Any CPU
		{F416AEBD-5B6C-4543-9ABF-EC30FF2F901A}.Release|Any CPU.Build.0 = Release|Any CPU
		{18A247B3-98E7-4858-98D4-687FC619234F}.Debug|Any CPU.ActiveCfg = Debug|Any CPU
		{18A247B3-98E7-4858-98D4-687FC619234F}.Debug|Any CPU.Build.0 = Debug|Any CPU
		{18A247B3-98E7-4858-98D4-687FC619234F}.Release|Any CPU.ActiveCfg = Release|Any CPU
		{18A247B3-98E7-4858-98D4-687FC619234F}.Release|Any CPU.Build.0 = Release|Any CPU
		{A3F53515-7262-4441-AC61-66D92187BFF5}.Debug|Any CPU.ActiveCfg = Debug|Any CPU
		{A3F53515-7262-4441-AC61-66D92187BFF5}.Debug|Any CPU.Build.0 = Debug|Any CPU
		{A3F53515-7262-4441-AC61-66D92187BFF5}.Release|Any CPU.ActiveCfg = Release|Any CPU
		{A3F53515-7262-4441-AC61-66D92187BFF5}.Release|Any CPU.Build.0 = Release|Any CPU
		{76AAEB17-9448-4397-83AA-D64A2D464969}.Debug|Any CPU.ActiveCfg = Debug|Any CPU
		{76AAEB17-9448-4397-83AA-D64A2D464969}.Debug|Any CPU.Build.0 = Debug|Any CPU
		{76AAEB17-9448-4397-83AA-D64A2D464969}.Release|Any CPU.ActiveCfg = Release|Any CPU
		{76AAEB17-9448-4397-83AA-D64A2D464969}.Release|Any CPU.Build.0 = Release|Any CPU
		{C493E0BF-E17E-4059-B88D-15141A2FB23D}.Debug|Any CPU.ActiveCfg = Debug|Any CPU
		{C493E0BF-E17E-4059-B88D-15141A2FB23D}.Debug|Any CPU.Build.0 = Debug|Any CPU
		{C493E0BF-E17E-4059-B88D-15141A2FB23D}.Release|Any CPU.ActiveCfg = Release|Any CPU
		{C493E0BF-E17E-4059-B88D-15141A2FB23D}.Release|Any CPU.Build.0 = Release|Any CPU
	EndGlobalSection
	GlobalSection(SolutionProperties) = preSolution
		HideSolutionNode = FALSE
	EndGlobalSection
EndGlobal
